// !$*UTF8*$!
{
	archiveVersion = 1;
	classes = {
	};
	objectVersion = 77;
	objects = {

/* Begin PBXBuildFile section */
		038CA1C9472974E87F1B6ABA /* ArticleListHeaderView.swift in Sources */ = {isa = PBXBuildFile; fileRef = 2DF79F0CECBD3687DEC2BF75 /* ArticleListHeaderView.swift */; };
		04144AF9E1EF53F699347773 /* ArticleDateFormatter.swift in Sources */ = {isa = PBXBuildFile; fileRef = 7662D8841D1A9BBF6C2B004A /* ArticleDateFormatter.swift */; };
		07F5198DD040F48FE6DA942E /* AppColor.swift in Sources */ = {isa = PBXBuildFile; fileRef = F548B206B73AA6EEAF34EE0C /* AppColor.swift */; };
		0A22CE57BDF95182C2E11FFA /* AppMetrics.swift in Sources */ = {isa = PBXBuildFile; fileRef = 0ED7833010CB901C7FE0995B /* AppMetrics.swift */; };
		1667CEAA7C89863BA4F001F0 /* ArticlesCache.swift in Sources */ = {isa = PBXBuildFile; fileRef = BC243B74BC1A1CADAD1DA506 /* ArticlesCache.swift */; };
		1B54541BD2A73105AAEA96E1 /* Endpoint.swift in Sources */ = {isa = PBXBuildFile; fileRef = 0B8D866D4039C4D62050FA7B /* Endpoint.swift */; };
		1CC99386D692EC60F848EDFB /* FavoritesManagerProtocol.swift in Sources */ = {isa = PBXBuildFile; fileRef = EFEC760277814CF53CCA30FF /* FavoritesManagerProtocol.swift */; };
		1EA6AE0F85C11E4C4EAE5D3A /* ArticleDetailViewController.swift in Sources */ = {isa = PBXBuildFile; fileRef = B6DAA73831C492E7EA7D701E /* ArticleDetailViewController.swift */; };
		2034FAACDBC4205AC9A766C2 /* LossyArray.swift in Sources */ = {isa = PBXBuildFile; fileRef = 68F09D4E421D77408C730BFD /* LossyArray.swift */; };
		229A4F01222A685C10F057B5 /* NetworkSessionFactory.swift in Sources */ = {isa = PBXBuildFile; fileRef = CD5C7D0EE2B32C2BA0746980 /* NetworkSessionFactory.swift */; };
		26916552CD526D3760AE4B1D /* Roboto-SemiBold.ttf in Resources */ = {isa = PBXBuildFile; fileRef = 1A76965FF7B27C48750AA3BD /* Roboto-SemiBold.ttf */; };
		2DCFEC977B2AF32B5E1C7C2B /* NetworkError.swift in Sources */ = {isa = PBXBuildFile; fileRef = E805F15D77F13E5E0C987046 /* NetworkError.swift */; };
		2E5A6F777EF7C8A3A1678A73 /* Assets.xcassets in Resources */ = {isa = PBXBuildFile; fileRef = 2D21C4B7BAD813006339271E /* Assets.xcassets */; };
		2F8E17DD189754253FBDA945 /* Montserrat-Regular.ttf in Resources */ = {isa = PBXBuildFile; fileRef = 84A048FA389195DBB93AD094 /* Montserrat-Regular.ttf */; };
		30E8A378393C88873602BAD1 /* AppDelegate.swift in Sources */ = {isa = PBXBuildFile; fileRef = 16BC75EF1EA90FF87E7C1839 /* AppDelegate.swift */; };
		3127B8AAFCF40A4EBFAA176D /* ContentStateView.swift in Sources */ = {isa = PBXBuildFile; fileRef = 36030D83A883ED1F11FB5394 /* ContentStateView.swift */; };
		324112768C12EA70D0E9CF5E /* AppRouter.swift in Sources */ = {isa = PBXBuildFile; fileRef = 8543756A68CB84976679B0BC /* AppRouter.swift */; };
		33FAB63A6E967493BDD14E39 /* ArticleCardCell.xib in Resources */ = {isa = PBXBuildFile; fileRef = 2B47203BFA52E96FC00C9A2A /* ArticleCardCell.xib */; };
		37EBA50828E5856FA365FBF3 /* StatusBannerView.xib in Resources */ = {isa = PBXBuildFile; fileRef = 24496E4D834B70BDF8FBA742 /* StatusBannerView.xib */; };
		38725F00DC89D4AB6207989B /* ReadMoreButton.swift in Sources */ = {isa = PBXBuildFile; fileRef = 6C746E53A5ED78F38BDE4C6F /* ReadMoreButton.swift */; };
		3AC6A0AC9C29757D6A6F5A13 /* LaunchScreen.storyboard in Resources */ = {isa = PBXBuildFile; fileRef = AC9F60DCCA5FB5704F4B00CD /* LaunchScreen.storyboard */; };
		3DE27453C8172C5E1B768803 /* AppFont.swift in Sources */ = {isa = PBXBuildFile; fileRef = 19597AE08457980FC0DC494B /* AppFont.swift */; };
		4546F6F06BE5D815A249D270 /* ArticleGridCell.swift in Sources */ = {isa = PBXBuildFile; fileRef = 746055977BECFBACB764B7B3 /* ArticleGridCell.swift */; };
		476070769C8941EC490CF49B /* Roboto-Light.ttf in Resources */ = {isa = PBXBuildFile; fileRef = FDE3449BB730D8766F184FAF /* Roboto-Light.ttf */; };
		511126E35CDFA807FF00EFB2 /* CachedArticles.swift in Sources */ = {isa = PBXBuildFile; fileRef = 81A00562AA11C86BE6C314B6 /* CachedArticles.swift */; };
		523B6E819846A8532B235094 /* NetworkEventLogger.swift in Sources */ = {isa = PBXBuildFile; fileRef = 6378DB95837EBBAD80D54D66 /* NetworkEventLogger.swift */; };
		523C859B4D9CC22BA06F8F17 /* RemoteImageView.swift in Sources */ = {isa = PBXBuildFile; fileRef = 0833BC5BAA9A0D9720F9F79C /* RemoteImageView.swift */; };
		56E18A33D70F2206EEAC899B /* NetworkErrorMapper.swift in Sources */ = {isa = PBXBuildFile; fileRef = B0749AB7733E898F9DD76DCA /* NetworkErrorMapper.swift */; };
		5DE2D83C612F7BA39C1D0569 /* ArticleList.storyboard in Resources */ = {isa = PBXBuildFile; fileRef = 5BA39300D0AFD726C1C1C394 /* ArticleList.storyboard */; };
		5F1701B8DD8E80E54FD56F24 /* ConnectivityManagerProtocol.swift in Sources */ = {isa = PBXBuildFile; fileRef = E642EB37AB98C93C674ADA14 /* ConnectivityManagerProtocol.swift */; };
		6535655DB0F52B8EA3194034 /* TextStyler.swift in Sources */ = {isa = PBXBuildFile; fileRef = 8ACE8F764DE8F146143DC897 /* TextStyler.swift */; };
		65CEEE599007606C30BECC3C /* KeyedDecodingContainer+CleanString.swift in Sources */ = {isa = PBXBuildFile; fileRef = EC845E818C28767C7A497826 /* KeyedDecodingContainer+CleanString.swift */; };
		6995D1C4A4D8AD57AF7BBA6D /* ViewControllerFactory.swift in Sources */ = {isa = PBXBuildFile; fileRef = 7CB153D71CE89C6827427D9F /* ViewControllerFactory.swift */; };
		6AE808D01E231277483B5AC7 /* ArticlesManager.swift in Sources */ = {isa = PBXBuildFile; fileRef = 10783C50149A341D9B1BA34E /* ArticlesManager.swift */; };
		6C5AC4451E8DC4AD3EB37676 /* Pods_ArticlesTests.framework in Frameworks */ = {isa = PBXBuildFile; fileRef = FFE8C2211CE34B877E65E878 /* Pods_ArticlesTests.framework */; };
		6DC4EAD7BBA52AADDB27B4D3 /* ArticleListLayoutFactory.swift in Sources */ = {isa = PBXBuildFile; fileRef = 6A6B9D759F7EC36703D2F36A /* ArticleListLayoutFactory.swift */; };
		70941D868D442B754D70FC09 /* SceneDelegate.swift in Sources */ = {isa = PBXBuildFile; fileRef = 3325DEBCF28492FBB631DB73 /* SceneDelegate.swift */; };
		70E21CD215FE3F4F4964DC4F /* ReadMoreButton.xib in Resources */ = {isa = PBXBuildFile; fileRef = 4FA4FF7304F03F48E5367213 /* ReadMoreButton.xib */; };
		7A8B172F69A74350C95ABBB9 /* LoggerFactory.swift in Sources */ = {isa = PBXBuildFile; fileRef = E8C31532070FC68B158A2789 /* LoggerFactory.swift */; };
		7B6FD8FE41D94810DF73BF71 /* ArticleListViewController.swift in Sources */ = {isa = PBXBuildFile; fileRef = 131D0D8F2E780EADF2B122CD /* ArticleListViewController.swift */; };
		7E77E5C901E6F4B0F79F4326 /* BannerPresenter.swift in Sources */ = {isa = PBXBuildFile; fileRef = 9BCE104CC715643EAA60ABD0 /* BannerPresenter.swift */; };
		7E8E80E7844394C0EC7D9414 /* ArticlesProvider.swift in Sources */ = {isa = PBXBuildFile; fileRef = 0F4264FC682F30F10A537411 /* ArticlesProvider.swift */; };
		842C7BC28BD07711CF60CC28 /* ConnectivityManager.swift in Sources */ = {isa = PBXBuildFile; fileRef = 51C2B12AF46AC1CADE787C0E /* ConnectivityManager.swift */; };
		877A0085D2F2681636236C33 /* RobotoCondensed-Black.ttf in Resources */ = {isa = PBXBuildFile; fileRef = 480905D6EE1FCA65FD240067 /* RobotoCondensed-Black.ttf */; };
		8CC6743D3194A4054C45B8D9 /* ArticlesManagerProtocol.swift in Sources */ = {isa = PBXBuildFile; fileRef = 946BAA397BDFBBECD8682480 /* ArticlesManagerProtocol.swift */; };
		8E49B3898F5062002C4518C9 /* NibLoadable.swift in Sources */ = {isa = PBXBuildFile; fileRef = 2249746184DCC2E3CBD0B628 /* NibLoadable.swift */; };
		910E50DBB572041366BF5FA1 /* ArticleDisplay.swift in Sources */ = {isa = PBXBuildFile; fileRef = 4EFF6068AB781F481D3DA68B /* ArticleDisplay.swift */; };
		91C3E8157302A00411706E40 /* ArticleSearchFilter.swift in Sources */ = {isa = PBXBuildFile; fileRef = D9FBBDCA6804863A8EF46637 /* ArticleSearchFilter.swift */; };
		984379307864FFCC4FD8A652 /* CardStyle.swift in Sources */ = {isa = PBXBuildFile; fileRef = 7E032EBCB46DCAABDCA30C56 /* CardStyle.swift */; };
		9E861026A447BACCA0AA3BF9 /* ArticlesCacheProtocol.swift in Sources */ = {isa = PBXBuildFile; fileRef = A1CACAE9912E4D96F618E1CB /* ArticlesCacheProtocol.swift */; };
		9F8F06EDFCCFE24E49423489 /* GlassEffect.swift in Sources */ = {isa = PBXBuildFile; fileRef = 2454C93D7380891D8D853389 /* GlassEffect.swift */; };
		9FA6CAD9CA491301398DD7D1 /* Roboto-Medium.ttf in Resources */ = {isa = PBXBuildFile; fileRef = E1E8CEA99AB395AB4AD0E28D /* Roboto-Medium.ttf */; };
		A5BF751732E8A1161B2E252F /* ArticlesResponse.swift in Sources */ = {isa = PBXBuildFile; fileRef = A381128F23D12B545C026D18 /* ArticlesResponse.swift */; };
		AA8CC78B44FD9C7150952BE1 /* ArticleRouting.swift in Sources */ = {isa = PBXBuildFile; fileRef = D195C2D8BD9C0D8481E6EF65 /* ArticleRouting.swift */; };
		AAC039A3165B3C5D0F3BC9E5 /* AppConstants.swift in Sources */ = {isa = PBXBuildFile; fileRef = 7FB881212EE4FAEE7417B6B9 /* AppConstants.swift */; };
		AF6E42E77821E0FAA2AD8679 /* EndpointTests.swift in Sources */ = {isa = PBXBuildFile; fileRef = D514B92B7F9804CE56224F3D /* EndpointTests.swift */; };
		B64A6E920C2E9F9A5632E7B4 /* ArticleLinkValidator.swift in Sources */ = {isa = PBXBuildFile; fileRef = F22EF13F09B0D5C4902CB3D3 /* ArticleLinkValidator.swift */; };
		B7811CC0FD42A0E2ADCBEC6B /* FavoritesManager.swift in Sources */ = {isa = PBXBuildFile; fileRef = 81C3C9AAB267FFA99FF0CD84 /* FavoritesManager.swift */; };
		B950826AFB39545749162BC3 /* Pods_Articles.framework in Frameworks */ = {isa = PBXBuildFile; fileRef = 28CFB57B30D4FB16ACB00CC5 /* Pods_Articles.framework */; };
		BC6EB83AC98E49DD2A385EC1 /* StatusBannerView.swift in Sources */ = {isa = PBXBuildFile; fileRef = 3C233E9D24537ECD26523E5B /* StatusBannerView.swift */; };
		C12486528BE918564E75885E /* Article.swift in Sources */ = {isa = PBXBuildFile; fileRef = 088398B12C7C44415868827E /* Article.swift */; };
		CB56AD914241CE27AEB0230C /* ReachabilityProvider.swift in Sources */ = {isa = PBXBuildFile; fileRef = 4D4AA0A257D11033AE6FDAEB /* ReachabilityProvider.swift */; };
		CB6983B6B237C5CABFE04D05 /* ArticleListDataSource.swift in Sources */ = {isa = PBXBuildFile; fileRef = D04E90858264A5AF1D91D21A /* ArticleListDataSource.swift */; };
		D2650837FA5AF5386062C533 /* NetworkClient.swift in Sources */ = {isa = PBXBuildFile; fileRef = 21EF2C558A0E73C3D1D59D88 /* NetworkClient.swift */; };
		D411F7EBB112C08DE646057B /* Montserrat-SemiBold.ttf in Resources */ = {isa = PBXBuildFile; fileRef = FD1022E2958BED15BD2891BA /* Montserrat-SemiBold.ttf */; };
		D964CBC707521C6A113B5978 /* Roboto-Regular.ttf in Resources */ = {isa = PBXBuildFile; fileRef = 2FBE5F6184643E8B9283222A /* Roboto-Regular.ttf */; };
		DBD252FBBE65390AE808A4D5 /* ArticleGridCell.xib in Resources */ = {isa = PBXBuildFile; fileRef = CB4D5AD6237628AC6E3BA7B9 /* ArticleGridCell.xib */; };
		DF4176657B07B5B07AFCA6F3 /* ArticleCardCell.swift in Sources */ = {isa = PBXBuildFile; fileRef = 24AC156292BDCCAD7527422F /* ArticleCardCell.swift */; };
		DFAA7C8ACAD7E3C5511B383F /* Article+Identity.swift in Sources */ = {isa = PBXBuildFile; fileRef = 4B6B7A5178CEA3600299F1F1 /* Article+Identity.swift */; };
		E0544B5E1F77F5C62FFAAB0B /* ArticleDetail.storyboard in Resources */ = {isa = PBXBuildFile; fileRef = 19011A096DEF2B0BF47C3062 /* ArticleDetail.storyboard */; };
		E1945E74A0051CB7004F0C9C /* ArticlesProviderProtocol.swift in Sources */ = {isa = PBXBuildFile; fileRef = FD239869446B5433C1A65BCC /* ArticlesProviderProtocol.swift */; };
		E4B2E6D39F7E37C254F080A8 /* Roboto-Bold.ttf in Resources */ = {isa = PBXBuildFile; fileRef = 1A1E9782563E018BF660FFBA /* Roboto-Bold.ttf */; };
		E72E8F29F81F048B8BE26A75 /* ArticleListHeaderView.xib in Resources */ = {isa = PBXBuildFile; fileRef = B780C7ED31F904E0EFEB858E /* ArticleListHeaderView.xib */; };
		E83A4F796C6737BB133C91EB /* NetworkError+UserMessage.swift in Sources */ = {isa = PBXBuildFile; fileRef = D757867442C1CE3C16B0125F /* NetworkError+UserMessage.swift */; };
		E8840EF2C20D4646FF0DD5CD /* NetworkClientProtocol.swift in Sources */ = {isa = PBXBuildFile; fileRef = FCF8C49A1B27799ECA49772C /* NetworkClientProtocol.swift */; };
		E8F6D05079CF0FD387080649 /* ContentStateViewController.swift in Sources */ = {isa = PBXBuildFile; fileRef = EBF15DE78E28AB36446F9832 /* ContentStateViewController.swift */; };
		F4081F0C0132419612947176 /* AppIcon.swift in Sources */ = {isa = PBXBuildFile; fileRef = 92865FF79F3FFCB7F9B9ADD6 /* AppIcon.swift */; };
		F80240BDAF0C49425D3A2B96 /* ReachabilityProviderProtocol.swift in Sources */ = {isa = PBXBuildFile; fileRef = E06923DBCCF5EE2A4A91D85F /* ReachabilityProviderProtocol.swift */; };
		FD83CCDF784831E85703D37C /* ArticleSource.swift in Sources */ = {isa = PBXBuildFile; fileRef = 584B3257E4D73BF98AA2D25B /* ArticleSource.swift */; };
/* End PBXBuildFile section */

/* Begin PBXContainerItemProxy section */
		6EF090CBB273A21BE1F2C870 /* PBXContainerItemProxy */ = {
			isa = PBXContainerItemProxy;
			containerPortal = 35A63358703FDEFFD85DB703 /* Project object */;
			proxyType = 1;
			remoteGlobalIDString = 7C6A89D8081073C696CB19C0;
			remoteInfo = Articles;
		};
/* End PBXContainerItemProxy section */

/* Begin PBXFileReference section */
		0833BC5BAA9A0D9720F9F79C /* RemoteImageView.swift */ = {isa = PBXFileReference; lastKnownFileType = sourcecode.swift; path = RemoteImageView.swift; sourceTree = "<group>"; };
		088398B12C7C44415868827E /* Article.swift */ = {isa = PBXFileReference; lastKnownFileType = sourcecode.swift; path = Article.swift; sourceTree = "<group>"; };
		0B8D866D4039C4D62050FA7B /* Endpoint.swift */ = {isa = PBXFileReference; lastKnownFileType = sourcecode.swift; path = Endpoint.swift; sourceTree = "<group>"; };
		0ED7833010CB901C7FE0995B /* AppMetrics.swift */ = {isa = PBXFileReference; lastKnownFileType = sourcecode.swift; path = AppMetrics.swift; sourceTree = "<group>"; };
		0F4264FC682F30F10A537411 /* ArticlesProvider.swift */ = {isa = PBXFileReference; lastKnownFileType = sourcecode.swift; path = ArticlesProvider.swift; sourceTree = "<group>"; };
		10783C50149A341D9B1BA34E /* ArticlesManager.swift */ = {isa = PBXFileReference; lastKnownFileType = sourcecode.swift; path = ArticlesManager.swift; sourceTree = "<group>"; };
		131D0D8F2E780EADF2B122CD /* ArticleListViewController.swift */ = {isa = PBXFileReference; lastKnownFileType = sourcecode.swift; path = ArticleListViewController.swift; sourceTree = "<group>"; };
		16BC75EF1EA90FF87E7C1839 /* AppDelegate.swift */ = {isa = PBXFileReference; lastKnownFileType = sourcecode.swift; path = AppDelegate.swift; sourceTree = "<group>"; };
		19011A096DEF2B0BF47C3062 /* ArticleDetail.storyboard */ = {isa = PBXFileReference; lastKnownFileType = file.storyboard; path = ArticleDetail.storyboard; sourceTree = "<group>"; };
		19597AE08457980FC0DC494B /* AppFont.swift */ = {isa = PBXFileReference; lastKnownFileType = sourcecode.swift; path = AppFont.swift; sourceTree = "<group>"; };
		1A1E9782563E018BF660FFBA /* Roboto-Bold.ttf */ = {isa = PBXFileReference; lastKnownFileType = file; path = "Roboto-Bold.ttf"; sourceTree = "<group>"; };
		1A76965FF7B27C48750AA3BD /* Roboto-SemiBold.ttf */ = {isa = PBXFileReference; lastKnownFileType = file; path = "Roboto-SemiBold.ttf"; sourceTree = "<group>"; };
		21EF2C558A0E73C3D1D59D88 /* NetworkClient.swift */ = {isa = PBXFileReference; lastKnownFileType = sourcecode.swift; path = NetworkClient.swift; sourceTree = "<group>"; };
		2249746184DCC2E3CBD0B628 /* NibLoadable.swift */ = {isa = PBXFileReference; lastKnownFileType = sourcecode.swift; path = NibLoadable.swift; sourceTree = "<group>"; };
		24496E4D834B70BDF8FBA742 /* StatusBannerView.xib */ = {isa = PBXFileReference; lastKnownFileType = file.xib; path = StatusBannerView.xib; sourceTree = "<group>"; };
		2454C93D7380891D8D853389 /* GlassEffect.swift */ = {isa = PBXFileReference; lastKnownFileType = sourcecode.swift; path = GlassEffect.swift; sourceTree = "<group>"; };
		24AC156292BDCCAD7527422F /* ArticleCardCell.swift */ = {isa = PBXFileReference; lastKnownFileType = sourcecode.swift; path = ArticleCardCell.swift; sourceTree = "<group>"; };
		28CFB57B30D4FB16ACB00CC5 /* Pods_Articles.framework */ = {isa = PBXFileReference; explicitFileType = wrapper.framework; includeInIndex = 0; path = Pods_Articles.framework; sourceTree = BUILT_PRODUCTS_DIR; };
		2B47203BFA52E96FC00C9A2A /* ArticleCardCell.xib */ = {isa = PBXFileReference; lastKnownFileType = file.xib; path = ArticleCardCell.xib; sourceTree = "<group>"; };
		2D21C4B7BAD813006339271E /* Assets.xcassets */ = {isa = PBXFileReference; lastKnownFileType = folder.assetcatalog; path = Assets.xcassets; sourceTree = "<group>"; };
		2DF79F0CECBD3687DEC2BF75 /* ArticleListHeaderView.swift */ = {isa = PBXFileReference; lastKnownFileType = sourcecode.swift; path = ArticleListHeaderView.swift; sourceTree = "<group>"; };
		2FBE5F6184643E8B9283222A /* Roboto-Regular.ttf */ = {isa = PBXFileReference; lastKnownFileType = file; path = "Roboto-Regular.ttf"; sourceTree = "<group>"; };
		3325DEBCF28492FBB631DB73 /* SceneDelegate.swift */ = {isa = PBXFileReference; lastKnownFileType = sourcecode.swift; path = SceneDelegate.swift; sourceTree = "<group>"; };
		36030D83A883ED1F11FB5394 /* ContentStateView.swift */ = {isa = PBXFileReference; lastKnownFileType = sourcecode.swift; path = ContentStateView.swift; sourceTree = "<group>"; };
		39FDEF2180A895E3F094616F /* Info.plist */ = {isa = PBXFileReference; lastKnownFileType = text.plist; path = Info.plist; sourceTree = "<group>"; };
		3C233E9D24537ECD26523E5B /* StatusBannerView.swift */ = {isa = PBXFileReference; lastKnownFileType = sourcecode.swift; path = StatusBannerView.swift; sourceTree = "<group>"; };
		4011C341D7DDF83439173CE8 /* ArticlesTests.xctest */ = {isa = PBXFileReference; includeInIndex = 0; lastKnownFileType = wrapper.cfbundle; path = ArticlesTests.xctest; sourceTree = BUILT_PRODUCTS_DIR; };
		436B395F6EE9D7A4AAF66CE8 /* Pods-Articles.release.xcconfig */ = {isa = PBXFileReference; includeInIndex = 1; lastKnownFileType = text.xcconfig; name = "Pods-Articles.release.xcconfig"; path = "Target Support Files/Pods-Articles/Pods-Articles.release.xcconfig"; sourceTree = "<group>"; };
		480905D6EE1FCA65FD240067 /* RobotoCondensed-Black.ttf */ = {isa = PBXFileReference; lastKnownFileType = file; path = "RobotoCondensed-Black.ttf"; sourceTree = "<group>"; };
		4B6B7A5178CEA3600299F1F1 /* Article+Identity.swift */ = {isa = PBXFileReference; lastKnownFileType = sourcecode.swift; path = "Article+Identity.swift"; sourceTree = "<group>"; };
		4D4AA0A257D11033AE6FDAEB /* ReachabilityProvider.swift */ = {isa = PBXFileReference; lastKnownFileType = sourcecode.swift; path = ReachabilityProvider.swift; sourceTree = "<group>"; };
		4EFF6068AB781F481D3DA68B /* ArticleDisplay.swift */ = {isa = PBXFileReference; lastKnownFileType = sourcecode.swift; path = ArticleDisplay.swift; sourceTree = "<group>"; };
		4FA4FF7304F03F48E5367213 /* ReadMoreButton.xib */ = {isa = PBXFileReference; lastKnownFileType = file.xib; path = ReadMoreButton.xib; sourceTree = "<group>"; };
		51C2B12AF46AC1CADE787C0E /* ConnectivityManager.swift */ = {isa = PBXFileReference; lastKnownFileType = sourcecode.swift; path = ConnectivityManager.swift; sourceTree = "<group>"; };
		584B3257E4D73BF98AA2D25B /* ArticleSource.swift */ = {isa = PBXFileReference; lastKnownFileType = sourcecode.swift; path = ArticleSource.swift; sourceTree = "<group>"; };
		5BA39300D0AFD726C1C1C394 /* ArticleList.storyboard */ = {isa = PBXFileReference; lastKnownFileType = file.storyboard; path = ArticleList.storyboard; sourceTree = "<group>"; };
		6378DB95837EBBAD80D54D66 /* NetworkEventLogger.swift */ = {isa = PBXFileReference; lastKnownFileType = sourcecode.swift; path = NetworkEventLogger.swift; sourceTree = "<group>"; };
		68F09D4E421D77408C730BFD /* LossyArray.swift */ = {isa = PBXFileReference; lastKnownFileType = sourcecode.swift; path = LossyArray.swift; sourceTree = "<group>"; };
		6A6B9D759F7EC36703D2F36A /* ArticleListLayoutFactory.swift */ = {isa = PBXFileReference; lastKnownFileType = sourcecode.swift; path = ArticleListLayoutFactory.swift; sourceTree = "<group>"; };
		6C746E53A5ED78F38BDE4C6F /* ReadMoreButton.swift */ = {isa = PBXFileReference; lastKnownFileType = sourcecode.swift; path = ReadMoreButton.swift; sourceTree = "<group>"; };
		746055977BECFBACB764B7B3 /* ArticleGridCell.swift */ = {isa = PBXFileReference; lastKnownFileType = sourcecode.swift; path = ArticleGridCell.swift; sourceTree = "<group>"; };
		7662D8841D1A9BBF6C2B004A /* ArticleDateFormatter.swift */ = {isa = PBXFileReference; lastKnownFileType = sourcecode.swift; path = ArticleDateFormatter.swift; sourceTree = "<group>"; };
		7CB153D71CE89C6827427D9F /* ViewControllerFactory.swift */ = {isa = PBXFileReference; lastKnownFileType = sourcecode.swift; path = ViewControllerFactory.swift; sourceTree = "<group>"; };
		7E032EBCB46DCAABDCA30C56 /* CardStyle.swift */ = {isa = PBXFileReference; lastKnownFileType = sourcecode.swift; path = CardStyle.swift; sourceTree = "<group>"; };
		7FB881212EE4FAEE7417B6B9 /* AppConstants.swift */ = {isa = PBXFileReference; lastKnownFileType = sourcecode.swift; path = AppConstants.swift; sourceTree = "<group>"; };
		81A00562AA11C86BE6C314B6 /* CachedArticles.swift */ = {isa = PBXFileReference; lastKnownFileType = sourcecode.swift; path = CachedArticles.swift; sourceTree = "<group>"; };
		81C3C9AAB267FFA99FF0CD84 /* FavoritesManager.swift */ = {isa = PBXFileReference; lastKnownFileType = sourcecode.swift; path = FavoritesManager.swift; sourceTree = "<group>"; };
		84A048FA389195DBB93AD094 /* Montserrat-Regular.ttf */ = {isa = PBXFileReference; lastKnownFileType = file; path = "Montserrat-Regular.ttf"; sourceTree = "<group>"; };
		8543756A68CB84976679B0BC /* AppRouter.swift */ = {isa = PBXFileReference; lastKnownFileType = sourcecode.swift; path = AppRouter.swift; sourceTree = "<group>"; };
		8ACE8F764DE8F146143DC897 /* TextStyler.swift */ = {isa = PBXFileReference; lastKnownFileType = sourcecode.swift; path = TextStyler.swift; sourceTree = "<group>"; };
		92865FF79F3FFCB7F9B9ADD6 /* AppIcon.swift */ = {isa = PBXFileReference; lastKnownFileType = sourcecode.swift; path = AppIcon.swift; sourceTree = "<group>"; };
		946BAA397BDFBBECD8682480 /* ArticlesManagerProtocol.swift */ = {isa = PBXFileReference; lastKnownFileType = sourcecode.swift; path = ArticlesManagerProtocol.swift; sourceTree = "<group>"; };
		9BCE104CC715643EAA60ABD0 /* BannerPresenter.swift */ = {isa = PBXFileReference; lastKnownFileType = sourcecode.swift; path = BannerPresenter.swift; sourceTree = "<group>"; };
		A1CACAE9912E4D96F618E1CB /* ArticlesCacheProtocol.swift */ = {isa = PBXFileReference; lastKnownFileType = sourcecode.swift; path = ArticlesCacheProtocol.swift; sourceTree = "<group>"; };
		A381128F23D12B545C026D18 /* ArticlesResponse.swift */ = {isa = PBXFileReference; lastKnownFileType = sourcecode.swift; path = ArticlesResponse.swift; sourceTree = "<group>"; };
		AC9F60DCCA5FB5704F4B00CD /* LaunchScreen.storyboard */ = {isa = PBXFileReference; lastKnownFileType = file.storyboard; path = LaunchScreen.storyboard; sourceTree = "<group>"; };
		B0749AB7733E898F9DD76DCA /* NetworkErrorMapper.swift */ = {isa = PBXFileReference; lastKnownFileType = sourcecode.swift; path = NetworkErrorMapper.swift; sourceTree = "<group>"; };
		B6DAA73831C492E7EA7D701E /* ArticleDetailViewController.swift */ = {isa = PBXFileReference; lastKnownFileType = sourcecode.swift; path = ArticleDetailViewController.swift; sourceTree = "<group>"; };
		B780C7ED31F904E0EFEB858E /* ArticleListHeaderView.xib */ = {isa = PBXFileReference; lastKnownFileType = file.xib; path = ArticleListHeaderView.xib; sourceTree = "<group>"; };
		BC243B74BC1A1CADAD1DA506 /* ArticlesCache.swift */ = {isa = PBXFileReference; lastKnownFileType = sourcecode.swift; path = ArticlesCache.swift; sourceTree = "<group>"; };
		CB4D5AD6237628AC6E3BA7B9 /* ArticleGridCell.xib */ = {isa = PBXFileReference; lastKnownFileType = file.xib; path = ArticleGridCell.xib; sourceTree = "<group>"; };
		CD5C7D0EE2B32C2BA0746980 /* NetworkSessionFactory.swift */ = {isa = PBXFileReference; lastKnownFileType = sourcecode.swift; path = NetworkSessionFactory.swift; sourceTree = "<group>"; };
		D04E90858264A5AF1D91D21A /* ArticleListDataSource.swift */ = {isa = PBXFileReference; lastKnownFileType = sourcecode.swift; path = ArticleListDataSource.swift; sourceTree = "<group>"; };
		D195C2D8BD9C0D8481E6EF65 /* ArticleRouting.swift */ = {isa = PBXFileReference; lastKnownFileType = sourcecode.swift; path = ArticleRouting.swift; sourceTree = "<group>"; };
		D4CF210BF1B1063FD30AA986 /* Pods-ArticlesTests.release.xcconfig */ = {isa = PBXFileReference; includeInIndex = 1; lastKnownFileType = text.xcconfig; name = "Pods-ArticlesTests.release.xcconfig"; path = "Target Support Files/Pods-ArticlesTests/Pods-ArticlesTests.release.xcconfig"; sourceTree = "<group>"; };
		D514B92B7F9804CE56224F3D /* EndpointTests.swift */ = {isa = PBXFileReference; lastKnownFileType = sourcecode.swift; path = EndpointTests.swift; sourceTree = "<group>"; };
		D757867442C1CE3C16B0125F /* NetworkError+UserMessage.swift */ = {isa = PBXFileReference; lastKnownFileType = sourcecode.swift; path = "NetworkError+UserMessage.swift"; sourceTree = "<group>"; };
		D9FBBDCA6804863A8EF46637 /* ArticleSearchFilter.swift */ = {isa = PBXFileReference; lastKnownFileType = sourcecode.swift; path = ArticleSearchFilter.swift; sourceTree = "<group>"; };
		E06923DBCCF5EE2A4A91D85F /* ReachabilityProviderProtocol.swift */ = {isa = PBXFileReference; lastKnownFileType = sourcecode.swift; path = ReachabilityProviderProtocol.swift; sourceTree = "<group>"; };
		E1E8CEA99AB395AB4AD0E28D /* Roboto-Medium.ttf */ = {isa = PBXFileReference; lastKnownFileType = file; path = "Roboto-Medium.ttf"; sourceTree = "<group>"; };
		E642EB37AB98C93C674ADA14 /* ConnectivityManagerProtocol.swift */ = {isa = PBXFileReference; lastKnownFileType = sourcecode.swift; path = ConnectivityManagerProtocol.swift; sourceTree = "<group>"; };
		E805F15D77F13E5E0C987046 /* NetworkError.swift */ = {isa = PBXFileReference; lastKnownFileType = sourcecode.swift; path = NetworkError.swift; sourceTree = "<group>"; };
		E8C31532070FC68B158A2789 /* LoggerFactory.swift */ = {isa = PBXFileReference; lastKnownFileType = sourcecode.swift; path = LoggerFactory.swift; sourceTree = "<group>"; };
		EA921299A1BF0FFD86811CC9 /* Pods-ArticlesTests.debug.xcconfig */ = {isa = PBXFileReference; includeInIndex = 1; lastKnownFileType = text.xcconfig; name = "Pods-ArticlesTests.debug.xcconfig"; path = "Target Support Files/Pods-ArticlesTests/Pods-ArticlesTests.debug.xcconfig"; sourceTree = "<group>"; };
		EBF15DE78E28AB36446F9832 /* ContentStateViewController.swift */ = {isa = PBXFileReference; lastKnownFileType = sourcecode.swift; path = ContentStateViewController.swift; sourceTree = "<group>"; };
		EC845E818C28767C7A497826 /* KeyedDecodingContainer+CleanString.swift */ = {isa = PBXFileReference; lastKnownFileType = sourcecode.swift; path = "KeyedDecodingContainer+CleanString.swift"; sourceTree = "<group>"; };
		EFEC760277814CF53CCA30FF /* FavoritesManagerProtocol.swift */ = {isa = PBXFileReference; lastKnownFileType = sourcecode.swift; path = FavoritesManagerProtocol.swift; sourceTree = "<group>"; };
		F22EF13F09B0D5C4902CB3D3 /* ArticleLinkValidator.swift */ = {isa = PBXFileReference; lastKnownFileType = sourcecode.swift; path = ArticleLinkValidator.swift; sourceTree = "<group>"; };
		F548B206B73AA6EEAF34EE0C /* AppColor.swift */ = {isa = PBXFileReference; lastKnownFileType = sourcecode.swift; path = AppColor.swift; sourceTree = "<group>"; };
		F752512C3DD76F22DEDDB75C /* Articles.app */ = {isa = PBXFileReference; includeInIndex = 0; lastKnownFileType = wrapper.application; path = Articles.app; sourceTree = BUILT_PRODUCTS_DIR; };
		FBB461D75A42C8927F56CC12 /* Pods-Articles.debug.xcconfig */ = {isa = PBXFileReference; includeInIndex = 1; lastKnownFileType = text.xcconfig; name = "Pods-Articles.debug.xcconfig"; path = "Target Support Files/Pods-Articles/Pods-Articles.debug.xcconfig"; sourceTree = "<group>"; };
		FCF8C49A1B27799ECA49772C /* NetworkClientProtocol.swift */ = {isa = PBXFileReference; lastKnownFileType = sourcecode.swift; path = NetworkClientProtocol.swift; sourceTree = "<group>"; };
		FD1022E2958BED15BD2891BA /* Montserrat-SemiBold.ttf */ = {isa = PBXFileReference; lastKnownFileType = file; path = "Montserrat-SemiBold.ttf"; sourceTree = "<group>"; };
		FD239869446B5433C1A65BCC /* ArticlesProviderProtocol.swift */ = {isa = PBXFileReference; lastKnownFileType = sourcecode.swift; path = ArticlesProviderProtocol.swift; sourceTree = "<group>"; };
		FDE3449BB730D8766F184FAF /* Roboto-Light.ttf */ = {isa = PBXFileReference; lastKnownFileType = file; path = "Roboto-Light.ttf"; sourceTree = "<group>"; };
		FFE8C2211CE34B877E65E878 /* Pods_ArticlesTests.framework */ = {isa = PBXFileReference; explicitFileType = wrapper.framework; includeInIndex = 0; path = Pods_ArticlesTests.framework; sourceTree = BUILT_PRODUCTS_DIR; };
/* End PBXFileReference section */

/* Begin PBXFrameworksBuildPhase section */
		2C37EEC729E079D2501A44BC /* Frameworks */ = {
			isa = PBXFrameworksBuildPhase;
			buildActionMask = 2147483647;
			files = (
				6C5AC4451E8DC4AD3EB37676 /* Pods_ArticlesTests.framework in Frameworks */,
			);
			runOnlyForDeploymentPostprocessing = 0;
		};
		B8EE4AD9286AE6F4875D3ABF /* Frameworks */ = {
			isa = PBXFrameworksBuildPhase;
			buildActionMask = 2147483647;
			files = (
				B950826AFB39545749162BC3 /* Pods_Articles.framework in Frameworks */,
			);
			runOnlyForDeploymentPostprocessing = 0;
		};
/* End PBXFrameworksBuildPhase section */

/* Begin PBXGroup section */
		1261F9E677C0276FEF602B97 /* ArticlesTests */ = {
			isa = PBXGroup;
			children = (
				D514B92B7F9804CE56224F3D /* EndpointTests.swift */,
			);
			path = ArticlesTests;
			sourceTree = "<group>";
		};
		1AE243C0AD653ADFD5ED0DE1 /* Articles */ = {
			isa = PBXGroup;
			children = (
				85134996F63CF67187C01726 /* Assets */,
				668D1F54AB5D09B59AF2CF96 /* Managers */,
				690E1DF11048C23F8715C672 /* Models */,
				B6D730F04FD2275E20C1E479 /* Provider */,
				9FAD3086E0B6D5819A0D4E88 /* ViewControllers */,
				6F3BF3CEABF5D92D4D6EC388 /* Views */,
				16BC75EF1EA90FF87E7C1839 /* AppDelegate.swift */,
				2D21C4B7BAD813006339271E /* Assets.xcassets */,
				39FDEF2180A895E3F094616F /* Info.plist */,
				AC9F60DCCA5FB5704F4B00CD /* LaunchScreen.storyboard */,
				3325DEBCF28492FBB631DB73 /* SceneDelegate.swift */,
			);
			path = Articles;
			sourceTree = "<group>";
		};
		1F7C978348863433CE7CFFB7 = {
			isa = PBXGroup;
			children = (
				1AE243C0AD653ADFD5ED0DE1 /* Articles */,
				1261F9E677C0276FEF602B97 /* ArticlesTests */,
				CB234BA831F5CD98A4677866 /* Products */,
				CD7011057C6D08992DF4EE2C /* Pods */,
				BB7D29E821FAF8743189BD75 /* Frameworks */,
			);
			sourceTree = "<group>";
		};
		25B21F8A8B059728B37B54E6 /* Client */ = {
			isa = PBXGroup;
			children = (
				0B8D866D4039C4D62050FA7B /* Endpoint.swift */,
				21EF2C558A0E73C3D1D59D88 /* NetworkClient.swift */,
				E805F15D77F13E5E0C987046 /* NetworkError.swift */,
				B0749AB7733E898F9DD76DCA /* NetworkErrorMapper.swift */,
				6378DB95837EBBAD80D54D66 /* NetworkEventLogger.swift */,
				CD5C7D0EE2B32C2BA0746980 /* NetworkSessionFactory.swift */,
				4D4AA0A257D11033AE6FDAEB /* ReachabilityProvider.swift */,
			);
			path = Client;
			sourceTree = "<group>";
		};
		3754D99962F78F427EFA0734 /* XIBs */ = {
			isa = PBXGroup;
			children = (
				2B47203BFA52E96FC00C9A2A /* ArticleCardCell.xib */,
				CB4D5AD6237628AC6E3BA7B9 /* ArticleGridCell.xib */,
				B780C7ED31F904E0EFEB858E /* ArticleListHeaderView.xib */,
				4FA4FF7304F03F48E5367213 /* ReadMoreButton.xib */,
				24496E4D834B70BDF8FBA742 /* StatusBannerView.xib */,
			);
			path = XIBs;
			sourceTree = "<group>";
		};
		391D13410DEBE70C6641A3FB /* ProviderProtocols */ = {
			isa = PBXGroup;
			children = (
				FD239869446B5433C1A65BCC /* ArticlesProviderProtocol.swift */,
				FCF8C49A1B27799ECA49772C /* NetworkClientProtocol.swift */,
				E06923DBCCF5EE2A4A91D85F /* ReachabilityProviderProtocol.swift */,
			);
			path = ProviderProtocols;
			sourceTree = "<group>";
		};
		3AF04C280C6610CBC80235E0 /* Core */ = {
			isa = PBXGroup;
			children = (
				B6DAA73831C492E7EA7D701E /* ArticleDetailViewController.swift */,
				131D0D8F2E780EADF2B122CD /* ArticleListViewController.swift */,
			);
			path = Core;
			sourceTree = "<group>";
		};
		5302C6B181194D25ACFC56A0 /* Storyboards */ = {
			isa = PBXGroup;
			children = (
				19011A096DEF2B0BF47C3062 /* ArticleDetail.storyboard */,
				5BA39300D0AFD726C1C1C394 /* ArticleList.storyboard */,
			);
			path = Storyboards;
			sourceTree = "<group>";
		};
		668D1F54AB5D09B59AF2CF96 /* Managers */ = {
			isa = PBXGroup;
			children = (
				75907D619A90BD17F9332818 /* Client */,
				BD5326C5283AF9388E780C63 /* Core */,
			);
			path = Managers;
			sourceTree = "<group>";
		};
		66F4BBDD0FF891F2A005CF9B /* Fonts */ = {
			isa = PBXGroup;
			children = (
				84A048FA389195DBB93AD094 /* Montserrat-Regular.ttf */,
				FD1022E2958BED15BD2891BA /* Montserrat-SemiBold.ttf */,
				1A1E9782563E018BF660FFBA /* Roboto-Bold.ttf */,
				FDE3449BB730D8766F184FAF /* Roboto-Light.ttf */,
				E1E8CEA99AB395AB4AD0E28D /* Roboto-Medium.ttf */,
				2FBE5F6184643E8B9283222A /* Roboto-Regular.ttf */,
				1A76965FF7B27C48750AA3BD /* Roboto-SemiBold.ttf */,
				480905D6EE1FCA65FD240067 /* RobotoCondensed-Black.ttf */,
			);
			path = Fonts;
			sourceTree = "<group>";
		};
		690E1DF11048C23F8715C672 /* Models */ = {
			isa = PBXGroup;
			children = (
				91DFEA0842CCC9DBF3B010C0 /* Entities */,
				391D13410DEBE70C6641A3FB /* ProviderProtocols */,
			);
			path = Models;
			sourceTree = "<group>";
		};
		6F3BF3CEABF5D92D4D6EC388 /* Views */ = {
			isa = PBXGroup;
			children = (
				5302C6B181194D25ACFC56A0 /* Storyboards */,
				CD5279F9D1090774C1FB3D55 /* SwiftUI */,
				3754D99962F78F427EFA0734 /* XIBs */,
			);
			path = Views;
			sourceTree = "<group>";
		};
		75907D619A90BD17F9332818 /* Client */ = {
			isa = PBXGroup;
			children = (
				ED77D44382C1A2769FB60B5B /* Cache */,
				CF35135C93F8F46D313FAAF1 /* Constants */,
				A4C39F9B238B84AF15F8C9D4 /* Utilities */,
			);
			path = Client;
			sourceTree = "<group>";
		};
		7B723507455406876F950433 /* Client */ = {
			isa = PBXGroup;
			children = (
				8543756A68CB84976679B0BC /* AppRouter.swift */,
				4EFF6068AB781F481D3DA68B /* ArticleDisplay.swift */,
				D04E90858264A5AF1D91D21A /* ArticleListDataSource.swift */,
				2DF79F0CECBD3687DEC2BF75 /* ArticleListHeaderView.swift */,
				6A6B9D759F7EC36703D2F36A /* ArticleListLayoutFactory.swift */,
				D195C2D8BD9C0D8481E6EF65 /* ArticleRouting.swift */,
				9BCE104CC715643EAA60ABD0 /* BannerPresenter.swift */,
				EBF15DE78E28AB36446F9832 /* ContentStateViewController.swift */,
				2454C93D7380891D8D853389 /* GlassEffect.swift */,
				D757867442C1CE3C16B0125F /* NetworkError+UserMessage.swift */,
				2249746184DCC2E3CBD0B628 /* NibLoadable.swift */,
				6C746E53A5ED78F38BDE4C6F /* ReadMoreButton.swift */,
				0833BC5BAA9A0D9720F9F79C /* RemoteImageView.swift */,
				3C233E9D24537ECD26523E5B /* StatusBannerView.swift */,
				8ACE8F764DE8F146143DC897 /* TextStyler.swift */,
				7CB153D71CE89C6827427D9F /* ViewControllerFactory.swift */,
			);
			path = Client;
			sourceTree = "<group>";
		};
		85134996F63CF67187C01726 /* Assets */ = {
			isa = PBXGroup;
			children = (
				66F4BBDD0FF891F2A005CF9B /* Fonts */,
			);
			path = Assets;
			sourceTree = "<group>";
		};
		91DFEA0842CCC9DBF3B010C0 /* Entities */ = {
			isa = PBXGroup;
			children = (
				088398B12C7C44415868827E /* Article.swift */,
				4B6B7A5178CEA3600299F1F1 /* Article+Identity.swift */,
				584B3257E4D73BF98AA2D25B /* ArticleSource.swift */,
				A381128F23D12B545C026D18 /* ArticlesResponse.swift */,
				81A00562AA11C86BE6C314B6 /* CachedArticles.swift */,
				EC845E818C28767C7A497826 /* KeyedDecodingContainer+CleanString.swift */,
				68F09D4E421D77408C730BFD /* LossyArray.swift */,
			);
			path = Entities;
			sourceTree = "<group>";
		};
		9FAD3086E0B6D5819A0D4E88 /* ViewControllers */ = {
			isa = PBXGroup;
			children = (
				FB28D2A9ABFB121389645957 /* Cells */,
				7B723507455406876F950433 /* Client */,
				3AF04C280C6610CBC80235E0 /* Core */,
			);
			path = ViewControllers;
			sourceTree = "<group>";
		};
		A4C39F9B238B84AF15F8C9D4 /* Utilities */ = {
			isa = PBXGroup;
			children = (
				7662D8841D1A9BBF6C2B004A /* ArticleDateFormatter.swift */,
				F22EF13F09B0D5C4902CB3D3 /* ArticleLinkValidator.swift */,
				D9FBBDCA6804863A8EF46637 /* ArticleSearchFilter.swift */,
				E8C31532070FC68B158A2789 /* LoggerFactory.swift */,
			);
			path = Utilities;
			sourceTree = "<group>";
		};
		AF4EA2D72FF1A971933204B6 /* Core */ = {
			isa = PBXGroup;
			children = (
				0F4264FC682F30F10A537411 /* ArticlesProvider.swift */,
			);
			path = Core;
			sourceTree = "<group>";
		};
		B6D730F04FD2275E20C1E479 /* Provider */ = {
			isa = PBXGroup;
			children = (
				25B21F8A8B059728B37B54E6 /* Client */,
				AF4EA2D72FF1A971933204B6 /* Core */,
			);
			path = Provider;
			sourceTree = "<group>";
		};
		BB7D29E821FAF8743189BD75 /* Frameworks */ = {
			isa = PBXGroup;
			children = (
				28CFB57B30D4FB16ACB00CC5 /* Pods_Articles.framework */,
				FFE8C2211CE34B877E65E878 /* Pods_ArticlesTests.framework */,
			);
			name = Frameworks;
			sourceTree = "<group>";
		};
		BD5326C5283AF9388E780C63 /* Core */ = {
			isa = PBXGroup;
			children = (
				10783C50149A341D9B1BA34E /* ArticlesManager.swift */,
				946BAA397BDFBBECD8682480 /* ArticlesManagerProtocol.swift */,
				51C2B12AF46AC1CADE787C0E /* ConnectivityManager.swift */,
				E642EB37AB98C93C674ADA14 /* ConnectivityManagerProtocol.swift */,
				81C3C9AAB267FFA99FF0CD84 /* FavoritesManager.swift */,
				EFEC760277814CF53CCA30FF /* FavoritesManagerProtocol.swift */,
			);
			path = Core;
			sourceTree = "<group>";
		};
		CB234BA831F5CD98A4677866 /* Products */ = {
			isa = PBXGroup;
			children = (
				F752512C3DD76F22DEDDB75C /* Articles.app */,
				4011C341D7DDF83439173CE8 /* ArticlesTests.xctest */,
			);
			name = Products;
			sourceTree = "<group>";
		};
		CD5279F9D1090774C1FB3D55 /* SwiftUI */ = {
			isa = PBXGroup;
			children = (
				36030D83A883ED1F11FB5394 /* ContentStateView.swift */,
			);
			path = SwiftUI;
			sourceTree = "<group>";
		};
		CD7011057C6D08992DF4EE2C /* Pods */ = {
			isa = PBXGroup;
			children = (
				FBB461D75A42C8927F56CC12 /* Pods-Articles.debug.xcconfig */,
				436B395F6EE9D7A4AAF66CE8 /* Pods-Articles.release.xcconfig */,
				EA921299A1BF0FFD86811CC9 /* Pods-ArticlesTests.debug.xcconfig */,
				D4CF210BF1B1063FD30AA986 /* Pods-ArticlesTests.release.xcconfig */,
			);
			name = Pods;
			path = Pods;
			sourceTree = "<group>";
		};
		CF35135C93F8F46D313FAAF1 /* Constants */ = {
			isa = PBXGroup;
			children = (
				F548B206B73AA6EEAF34EE0C /* AppColor.swift */,
				7FB881212EE4FAEE7417B6B9 /* AppConstants.swift */,
				19597AE08457980FC0DC494B /* AppFont.swift */,
				92865FF79F3FFCB7F9B9ADD6 /* AppIcon.swift */,
				0ED7833010CB901C7FE0995B /* AppMetrics.swift */,
			);
			path = Constants;
			sourceTree = "<group>";
		};
		ED77D44382C1A2769FB60B5B /* Cache */ = {
			isa = PBXGroup;
			children = (
				BC243B74BC1A1CADAD1DA506 /* ArticlesCache.swift */,
				A1CACAE9912E4D96F618E1CB /* ArticlesCacheProtocol.swift */,
			);
			path = Cache;
			sourceTree = "<group>";
		};
		FB28D2A9ABFB121389645957 /* Cells */ = {
			isa = PBXGroup;
			children = (
				24AC156292BDCCAD7527422F /* ArticleCardCell.swift */,
				746055977BECFBACB764B7B3 /* ArticleGridCell.swift */,
				7E032EBCB46DCAABDCA30C56 /* CardStyle.swift */,
			);
			path = Cells;
			sourceTree = "<group>";
		};
/* End PBXGroup section */

/* Begin PBXNativeTarget section */
		0A686E507D47C282406E526F /* ArticlesTests */ = {
			isa = PBXNativeTarget;
			buildConfigurationList = 5719DFC5573481277CFE5A5E /* Build configuration list for PBXNativeTarget "ArticlesTests" */;
			buildPhases = (
				5B67897E5FB940622E0D7749 /* [CP] Check Pods Manifest.lock */,
				C1E54F06B6C61D0F81E34EE8 /* Sources */,
				2C37EEC729E079D2501A44BC /* Frameworks */,
			);
			buildRules = (
			);
			dependencies = (
				6848638EB460DB8DA642815E /* PBXTargetDependency */,
			);
			name = ArticlesTests;
			productName = ArticlesTests;
			productReference = 4011C341D7DDF83439173CE8 /* ArticlesTests.xctest */;
			productType = "com.apple.product-type.bundle.unit-test";
		};
		7C6A89D8081073C696CB19C0 /* Articles */ = {
			isa = PBXNativeTarget;
			buildConfigurationList = 62B2289179DD54B1A4947AE3 /* Build configuration list for PBXNativeTarget "Articles" */;
			buildPhases = (
				485CB9D6C9CACEF7E8E3B5ED /* [CP] Check Pods Manifest.lock */,
				883EF451201AE78C09963162 /* Sources */,
				4D8E8292A99532E7E4AAB887 /* Resources */,
				B8EE4AD9286AE6F4875D3ABF /* Frameworks */,
				61EFF246C9B8A62548313FE4 /* [CP] Embed Pods Frameworks */,
			);
			buildRules = (
			);
			dependencies = (
			);
			name = Articles;
			productName = Articles;
			productReference = F752512C3DD76F22DEDDB75C /* Articles.app */;
			productType = "com.apple.product-type.application";
		};
/* End PBXNativeTarget section */

/* Begin PBXProject section */
		35A63358703FDEFFD85DB703 /* Project object */ = {
			isa = PBXProject;
			attributes = {
				BuildIndependentTargetsInParallel = YES;
				LastUpgradeCheck = 1430;
				TargetAttributes = {
					7C6A89D8081073C696CB19C0 = {
						ProvisioningStyle = Automatic;
					};
				};
			};
			buildConfigurationList = 61F2C276E4DDD8284BFFBE5F /* Build configuration list for PBXProject "Articles" */;
			developmentRegion = en;
			hasScannedForEncodings = 0;
			knownRegions = (
				Base,
				en,
			);
			mainGroup = 1F7C978348863433CE7CFFB7;
			minimizedProjectReferenceProxies = 1;
			preferredProjectObjectVersion = 77;
			productRefGroup = CB234BA831F5CD98A4677866 /* Products */;
			projectDirPath = "";
			projectRoot = "";
			targets = (
				7C6A89D8081073C696CB19C0 /* Articles */,
				0A686E507D47C282406E526F /* ArticlesTests */,
			);
		};
/* End PBXProject section */

/* Begin PBXResourcesBuildPhase section */
		4D8E8292A99532E7E4AAB887 /* Resources */ = {
			isa = PBXResourcesBuildPhase;
			buildActionMask = 2147483647;
			files = (
				33FAB63A6E967493BDD14E39 /* ArticleCardCell.xib in Resources */,
				E0544B5E1F77F5C62FFAAB0B /* ArticleDetail.storyboard in Resources */,
				DBD252FBBE65390AE808A4D5 /* ArticleGridCell.xib in Resources */,
				5DE2D83C612F7BA39C1D0569 /* ArticleList.storyboard in Resources */,
				E72E8F29F81F048B8BE26A75 /* ArticleListHeaderView.xib in Resources */,
				2E5A6F777EF7C8A3A1678A73 /* Assets.xcassets in Resources */,
				3AC6A0AC9C29757D6A6F5A13 /* LaunchScreen.storyboard in Resources */,
				2F8E17DD189754253FBDA945 /* Montserrat-Regular.ttf in Resources */,
				D411F7EBB112C08DE646057B /* Montserrat-SemiBold.ttf in Resources */,
				70E21CD215FE3F4F4964DC4F /* ReadMoreButton.xib in Resources */,
				E4B2E6D39F7E37C254F080A8 /* Roboto-Bold.ttf in Resources */,
				476070769C8941EC490CF49B /* Roboto-Light.ttf in Resources */,
				9FA6CAD9CA491301398DD7D1 /* Roboto-Medium.ttf in Resources */,
				D964CBC707521C6A113B5978 /* Roboto-Regular.ttf in Resources */,
				26916552CD526D3760AE4B1D /* Roboto-SemiBold.ttf in Resources */,
				877A0085D2F2681636236C33 /* RobotoCondensed-Black.ttf in Resources */,
				37EBA50828E5856FA365FBF3 /* StatusBannerView.xib in Resources */,
			);
			runOnlyForDeploymentPostprocessing = 0;
		};
/* End PBXResourcesBuildPhase section */

/* Begin PBXShellScriptBuildPhase section */
		485CB9D6C9CACEF7E8E3B5ED /* [CP] Check Pods Manifest.lock */ = {
			isa = PBXShellScriptBuildPhase;
			buildActionMask = 2147483647;
			files = (
			);
			inputFileListPaths = (
			);
			inputPaths = (
				"${PODS_PODFILE_DIR_PATH}/Podfile.lock",
				"${PODS_ROOT}/Manifest.lock",
			);
			name = "[CP] Check Pods Manifest.lock";
			outputFileListPaths = (
			);
			outputPaths = (
				"$(DERIVED_FILE_DIR)/Pods-Articles-checkManifestLockResult.txt",
			);
			runOnlyForDeploymentPostprocessing = 0;
			shellPath = /bin/sh;
			shellScript = "diff \"${PODS_PODFILE_DIR_PATH}/Podfile.lock\" \"${PODS_ROOT}/Manifest.lock\" > /dev/null\nif [ $? != 0 ] ; then\n    # print error to STDERR\n    echo \"error: The sandbox is not in sync with the Podfile.lock. Run 'pod install' or update your CocoaPods installation.\" >&2\n    exit 1\nfi\n# This output is used by Xcode 'outputs' to avoid re-running this script phase.\necho \"SUCCESS\" > \"${SCRIPT_OUTPUT_FILE_0}\"\n";
			showEnvVarsInLog = 0;
		};
		5B67897E5FB940622E0D7749 /* [CP] Check Pods Manifest.lock */ = {
			isa = PBXShellScriptBuildPhase;
			buildActionMask = 2147483647;
			files = (
			);
			inputFileListPaths = (
			);
			inputPaths = (
				"${PODS_PODFILE_DIR_PATH}/Podfile.lock",
				"${PODS_ROOT}/Manifest.lock",
			);
			name = "[CP] Check Pods Manifest.lock";
			outputFileListPaths = (
			);
			outputPaths = (
				"$(DERIVED_FILE_DIR)/Pods-ArticlesTests-checkManifestLockResult.txt",
			);
			runOnlyForDeploymentPostprocessing = 0;
			shellPath = /bin/sh;
			shellScript = "diff \"${PODS_PODFILE_DIR_PATH}/Podfile.lock\" \"${PODS_ROOT}/Manifest.lock\" > /dev/null\nif [ $? != 0 ] ; then\n    # print error to STDERR\n    echo \"error: The sandbox is not in sync with the Podfile.lock. Run 'pod install' or update your CocoaPods installation.\" >&2\n    exit 1\nfi\n# This output is used by Xcode 'outputs' to avoid re-running this script phase.\necho \"SUCCESS\" > \"${SCRIPT_OUTPUT_FILE_0}\"\n";
			showEnvVarsInLog = 0;
		};
		61EFF246C9B8A62548313FE4 /* [CP] Embed Pods Frameworks */ = {
			isa = PBXShellScriptBuildPhase;
			buildActionMask = 2147483647;
			files = (
			);
			inputFileListPaths = (
				"${PODS_ROOT}/Target Support Files/Pods-Articles/Pods-Articles-frameworks-${CONFIGURATION}-input-files.xcfilelist",
			);
			name = "[CP] Embed Pods Frameworks";
			outputFileListPaths = (
				"${PODS_ROOT}/Target Support Files/Pods-Articles/Pods-Articles-frameworks-${CONFIGURATION}-output-files.xcfilelist",
			);
			runOnlyForDeploymentPostprocessing = 0;
			shellPath = /bin/sh;
			shellScript = "\"${PODS_ROOT}/Target Support Files/Pods-Articles/Pods-Articles-frameworks.sh\"\n";
			showEnvVarsInLog = 0;
		};
/* End PBXShellScriptBuildPhase section */

/* Begin PBXSourcesBuildPhase section */
		883EF451201AE78C09963162 /* Sources */ = {
			isa = PBXSourcesBuildPhase;
			buildActionMask = 2147483647;
			files = (
				07F5198DD040F48FE6DA942E /* AppColor.swift in Sources */,
				AAC039A3165B3C5D0F3BC9E5 /* AppConstants.swift in Sources */,
				30E8A378393C88873602BAD1 /* AppDelegate.swift in Sources */,
				3DE27453C8172C5E1B768803 /* AppFont.swift in Sources */,
				F4081F0C0132419612947176 /* AppIcon.swift in Sources */,
				0A22CE57BDF95182C2E11FFA /* AppMetrics.swift in Sources */,
				324112768C12EA70D0E9CF5E /* AppRouter.swift in Sources */,
				DFAA7C8ACAD7E3C5511B383F /* Article+Identity.swift in Sources */,
				C12486528BE918564E75885E /* Article.swift in Sources */,
				DF4176657B07B5B07AFCA6F3 /* ArticleCardCell.swift in Sources */,
				04144AF9E1EF53F699347773 /* ArticleDateFormatter.swift in Sources */,
				1EA6AE0F85C11E4C4EAE5D3A /* ArticleDetailViewController.swift in Sources */,
				910E50DBB572041366BF5FA1 /* ArticleDisplay.swift in Sources */,
				4546F6F06BE5D815A249D270 /* ArticleGridCell.swift in Sources */,
				B64A6E920C2E9F9A5632E7B4 /* ArticleLinkValidator.swift in Sources */,
				CB6983B6B237C5CABFE04D05 /* ArticleListDataSource.swift in Sources */,
				038CA1C9472974E87F1B6ABA /* ArticleListHeaderView.swift in Sources */,
				6DC4EAD7BBA52AADDB27B4D3 /* ArticleListLayoutFactory.swift in Sources */,
				7B6FD8FE41D94810DF73BF71 /* ArticleListViewController.swift in Sources */,
				AA8CC78B44FD9C7150952BE1 /* ArticleRouting.swift in Sources */,
				91C3E8157302A00411706E40 /* ArticleSearchFilter.swift in Sources */,
				FD83CCDF784831E85703D37C /* ArticleSource.swift in Sources */,
				1667CEAA7C89863BA4F001F0 /* ArticlesCache.swift in Sources */,
				9E861026A447BACCA0AA3BF9 /* ArticlesCacheProtocol.swift in Sources */,
				6AE808D01E231277483B5AC7 /* ArticlesManager.swift in Sources */,
				8CC6743D3194A4054C45B8D9 /* ArticlesManagerProtocol.swift in Sources */,
				7E8E80E7844394C0EC7D9414 /* ArticlesProvider.swift in Sources */,
				E1945E74A0051CB7004F0C9C /* ArticlesProviderProtocol.swift in Sources */,
				A5BF751732E8A1161B2E252F /* ArticlesResponse.swift in Sources */,
				7E77E5C901E6F4B0F79F4326 /* BannerPresenter.swift in Sources */,
				511126E35CDFA807FF00EFB2 /* CachedArticles.swift in Sources */,
				984379307864FFCC4FD8A652 /* CardStyle.swift in Sources */,
				842C7BC28BD07711CF60CC28 /* ConnectivityManager.swift in Sources */,
				5F1701B8DD8E80E54FD56F24 /* ConnectivityManagerProtocol.swift in Sources */,
				3127B8AAFCF40A4EBFAA176D /* ContentStateView.swift in Sources */,
				E8F6D05079CF0FD387080649 /* ContentStateViewController.swift in Sources */,
				1B54541BD2A73105AAEA96E1 /* Endpoint.swift in Sources */,
				B7811CC0FD42A0E2ADCBEC6B /* FavoritesManager.swift in Sources */,
				1CC99386D692EC60F848EDFB /* FavoritesManagerProtocol.swift in Sources */,
				9F8F06EDFCCFE24E49423489 /* GlassEffect.swift in Sources */,
				65CEEE599007606C30BECC3C /* KeyedDecodingContainer+CleanString.swift in Sources */,
				7A8B172F69A74350C95ABBB9 /* LoggerFactory.swift in Sources */,
				2034FAACDBC4205AC9A766C2 /* LossyArray.swift in Sources */,
				D2650837FA5AF5386062C533 /* NetworkClient.swift in Sources */,
				E8840EF2C20D4646FF0DD5CD /* NetworkClientProtocol.swift in Sources */,
				E83A4F796C6737BB133C91EB /* NetworkError+UserMessage.swift in Sources */,
				2DCFEC977B2AF32B5E1C7C2B /* NetworkError.swift in Sources */,
				56E18A33D70F2206EEAC899B /* NetworkErrorMapper.swift in Sources */,
				523B6E819846A8532B235094 /* NetworkEventLogger.swift in Sources */,
				229A4F01222A685C10F057B5 /* NetworkSessionFactory.swift in Sources */,
				8E49B3898F5062002C4518C9 /* NibLoadable.swift in Sources */,
				CB56AD914241CE27AEB0230C /* ReachabilityProvider.swift in Sources */,
				F80240BDAF0C49425D3A2B96 /* ReachabilityProviderProtocol.swift in Sources */,
				38725F00DC89D4AB6207989B /* ReadMoreButton.swift in Sources */,
				523C859B4D9CC22BA06F8F17 /* RemoteImageView.swift in Sources */,
				70941D868D442B754D70FC09 /* SceneDelegate.swift in Sources */,
				BC6EB83AC98E49DD2A385EC1 /* StatusBannerView.swift in Sources */,
				6535655DB0F52B8EA3194034 /* TextStyler.swift in Sources */,
				6995D1C4A4D8AD57AF7BBA6D /* ViewControllerFactory.swift in Sources */,
			);
			runOnlyForDeploymentPostprocessing = 0;
		};
		C1E54F06B6C61D0F81E34EE8 /* Sources */ = {
			isa = PBXSourcesBuildPhase;
			buildActionMask = 2147483647;
			files = (
				AF6E42E77821E0FAA2AD8679 /* EndpointTests.swift in Sources */,
			);
			runOnlyForDeploymentPostprocessing = 0;
		};
/* End PBXSourcesBuildPhase section */

/* Begin PBXTargetDependency section */
		6848638EB460DB8DA642815E /* PBXTargetDependency */ = {
			isa = PBXTargetDependency;
			target = 7C6A89D8081073C696CB19C0 /* Articles */;
			targetProxy = 6EF090CBB273A21BE1F2C870 /* PBXContainerItemProxy */;
		};
/* End PBXTargetDependency section */

/* Begin XCBuildConfiguration section */
		2A7F8AFF44F1673EB0EE35F4 /* Debug */ = {
			isa = XCBuildConfiguration;
			buildSettings = {
				ALWAYS_SEARCH_USER_PATHS = NO;
				CLANG_ANALYZER_NONNULL = YES;
				CLANG_ANALYZER_NUMBER_OBJECT_CONVERSION = YES_AGGRESSIVE;
				CLANG_CXX_LANGUAGE_STANDARD = "gnu++14";
				CLANG_CXX_LIBRARY = "libc++";
				CLANG_ENABLE_MODULES = YES;
				CLANG_ENABLE_OBJC_ARC = YES;
				CLANG_ENABLE_OBJC_WEAK = YES;
				CLANG_WARN_BLOCK_CAPTURE_AUTORELEASING = YES;
				CLANG_WARN_BOOL_CONVERSION = YES;
				CLANG_WARN_COMMA = YES;
				CLANG_WARN_CONSTANT_CONVERSION = YES;
				CLANG_WARN_DEPRECATED_OBJC_IMPLEMENTATIONS = YES;
				CLANG_WARN_DIRECT_OBJC_ISA_USAGE = YES_ERROR;
				CLANG_WARN_DOCUMENTATION_COMMENTS = YES;
				CLANG_WARN_EMPTY_BODY = YES;
				CLANG_WARN_ENUM_CONVERSION = YES;
				CLANG_WARN_INFINITE_RECURSION = YES;
				CLANG_WARN_INT_CONVERSION = YES;
				CLANG_WARN_NON_LITERAL_NULL_CONVERSION = YES;
				CLANG_WARN_OBJC_IMPLICIT_RETAIN_SELF = YES;
				CLANG_WARN_OBJC_LITERAL_CONVERSION = YES;
				CLANG_WARN_OBJC_ROOT_CLASS = YES_ERROR;
				CLANG_WARN_QUOTED_INCLUDE_IN_FRAMEWORK_HEADER = YES;
				CLANG_WARN_RANGE_LOOP_ANALYSIS = YES;
				CLANG_WARN_STRICT_PROTOTYPES = YES;
				CLANG_WARN_SUSPICIOUS_MOVE = YES;
				CLANG_WARN_UNGUARDED_AVAILABILITY = YES_AGGRESSIVE;
				CLANG_WARN_UNREACHABLE_CODE = YES;
				CLANG_WARN__DUPLICATE_METHOD_MATCH = YES;
				COPY_PHASE_STRIP = NO;
				CURRENT_PROJECT_VERSION = 1;
				DEBUG_INFORMATION_FORMAT = dwarf;
				ENABLE_STRICT_OBJC_MSGSEND = YES;
				ENABLE_TESTABILITY = YES;
				ENABLE_USER_SCRIPT_SANDBOXING = NO;
				GCC_C_LANGUAGE_STANDARD = gnu11;
				GCC_DYNAMIC_NO_PIC = NO;
				GCC_NO_COMMON_BLOCKS = YES;
				GCC_OPTIMIZATION_LEVEL = 0;
				GCC_PREPROCESSOR_DEFINITIONS = (
					"$(inherited)",
					"DEBUG=1",
				);
				GCC_WARN_64_TO_32_BIT_CONVERSION = YES;
				GCC_WARN_ABOUT_RETURN_TYPE = YES_ERROR;
				GCC_WARN_UNDECLARED_SELECTOR = YES;
				GCC_WARN_UNINITIALIZED_AUTOS = YES_AGGRESSIVE;
				GCC_WARN_UNUSED_FUNCTION = YES;
				GCC_WARN_UNUSED_VARIABLE = YES;
				IPHONEOS_DEPLOYMENT_TARGET = 18.0;
				MARKETING_VERSION = 1.0;
				MTL_ENABLE_DEBUG_INFO = INCLUDE_SOURCE;
				MTL_FAST_MATH = YES;
				ONLY_ACTIVE_ARCH = YES;
				PRODUCT_NAME = "$(TARGET_NAME)";
				SDKROOT = iphoneos;
				SWIFT_ACTIVE_COMPILATION_CONDITIONS = DEBUG;
				SWIFT_OPTIMIZATION_LEVEL = "-Onone";
				SWIFT_VERSION = 5.0;
				TARGETED_DEVICE_FAMILY = "1,2";
			};
			name = Debug;
		};
		347A2D569BCA6F4AA632CB6B /* Debug */ = {
			isa = XCBuildConfiguration;
			baseConfigurationReference = FBB461D75A42C8927F56CC12 /* Pods-Articles.debug.xcconfig */;
			buildSettings = {
				ASSETCATALOG_COMPILER_APPICON_NAME = AppIcon;
				CODE_SIGN_IDENTITY = "iPhone Developer";
				CODE_SIGN_STYLE = Automatic;
				GENERATE_INFOPLIST_FILE = NO;
				INFOPLIST_FILE = Articles/Info.plist;
				LD_RUNPATH_SEARCH_PATHS = (
					"$(inherited)",
					"@executable_path/Frameworks",
				);
				PRODUCT_BUNDLE_IDENTIFIER = com.jayprajapati.Articles;
				SDKROOT = iphoneos;
				SUPPORTS_MAC_DESIGNED_FOR_IPHONE_IPAD = NO;
				TARGETED_DEVICE_FAMILY = "1,2";
			};
			name = Debug;
		};
		9576C084CE756A61C0BF01CF /* Release */ = {
			isa = XCBuildConfiguration;
			baseConfigurationReference = D4CF210BF1B1063FD30AA986 /* Pods-ArticlesTests.release.xcconfig */;
			buildSettings = {
				BUNDLE_LOADER = "$(TEST_HOST)";
				GENERATE_INFOPLIST_FILE = YES;
				LD_RUNPATH_SEARCH_PATHS = (
					"$(inherited)",
					"@executable_path/Frameworks",
					"@loader_path/Frameworks",
				);
				PRODUCT_BUNDLE_IDENTIFIER = com.jayprajapati.ArticlesTests;
				SDKROOT = iphoneos;
				TARGETED_DEVICE_FAMILY = "1,2";
				TEST_HOST = "$(BUILT_PRODUCTS_DIR)/Articles.app/$(BUNDLE_EXECUTABLE_FOLDER_PATH)/Articles";
			};
			name = Release;
		};
		BC568CC9F6D66B262F5BD582 /* Release */ = {
			isa = XCBuildConfiguration;
			baseConfigurationReference = 436B395F6EE9D7A4AAF66CE8 /* Pods-Articles.release.xcconfig */;
			buildSettings = {
				ASSETCATALOG_COMPILER_APPICON_NAME = AppIcon;
				CODE_SIGN_IDENTITY = "iPhone Developer";
				CODE_SIGN_STYLE = Automatic;
				GENERATE_INFOPLIST_FILE = NO;
				INFOPLIST_FILE = Articles/Info.plist;
				LD_RUNPATH_SEARCH_PATHS = (
					"$(inherited)",
					"@executable_path/Frameworks",
				);
				PRODUCT_BUNDLE_IDENTIFIER = com.jayprajapati.Articles;
				SDKROOT = iphoneos;
				SUPPORTS_MAC_DESIGNED_FOR_IPHONE_IPAD = NO;
				TARGETED_DEVICE_FAMILY = "1,2";
			};
			name = Release;
		};
		D8901F41ACB009D6E9B0EE96 /* Debug */ = {
			isa = XCBuildConfiguration;
			baseConfigurationReference = EA921299A1BF0FFD86811CC9 /* Pods-ArticlesTests.debug.xcconfig */;
			buildSettings = {
				BUNDLE_LOADER = "$(TEST_HOST)";
				GENERATE_INFOPLIST_FILE = YES;
				LD_RUNPATH_SEARCH_PATHS = (
					"$(inherited)",
					"@executable_path/Frameworks",
					"@loader_path/Frameworks",
				);
				PRODUCT_BUNDLE_IDENTIFIER = com.jayprajapati.ArticlesTests;
				SDKROOT = iphoneos;
				TARGETED_DEVICE_FAMILY = "1,2";
				TEST_HOST = "$(BUILT_PRODUCTS_DIR)/Articles.app/$(BUNDLE_EXECUTABLE_FOLDER_PATH)/Articles";
			};
			name = Debug;
		};
		DBCF5298D0532959EF556A04 /* Release */ = {
			isa = XCBuildConfiguration;
			buildSettings = {
				ALWAYS_SEARCH_USER_PATHS = NO;
				CLANG_ANALYZER_NONNULL = YES;
				CLANG_ANALYZER_NUMBER_OBJECT_CONVERSION = YES_AGGRESSIVE;
				CLANG_CXX_LANGUAGE_STANDARD = "gnu++14";
				CLANG_CXX_LIBRARY = "libc++";
				CLANG_ENABLE_MODULES = YES;
				CLANG_ENABLE_OBJC_ARC = YES;
				CLANG_ENABLE_OBJC_WEAK = YES;
				CLANG_WARN_BLOCK_CAPTURE_AUTORELEASING = YES;
				CLANG_WARN_BOOL_CONVERSION = YES;
				CLANG_WARN_COMMA = YES;
				CLANG_WARN_CONSTANT_CONVERSION = YES;
				CLANG_WARN_DEPRECATED_OBJC_IMPLEMENTATIONS = YES;
				CLANG_WARN_DIRECT_OBJC_ISA_USAGE = YES_ERROR;
				CLANG_WARN_DOCUMENTATION_COMMENTS = YES;
				CLANG_WARN_EMPTY_BODY = YES;
				CLANG_WARN_ENUM_CONVERSION = YES;
				CLANG_WARN_INFINITE_RECURSION = YES;
				CLANG_WARN_INT_CONVERSION = YES;
				CLANG_WARN_NON_LITERAL_NULL_CONVERSION = YES;
				CLANG_WARN_OBJC_IMPLICIT_RETAIN_SELF = YES;
				CLANG_WARN_OBJC_LITERAL_CONVERSION = YES;
				CLANG_WARN_OBJC_ROOT_CLASS = YES_ERROR;
				CLANG_WARN_QUOTED_INCLUDE_IN_FRAMEWORK_HEADER = YES;
				CLANG_WARN_RANGE_LOOP_ANALYSIS = YES;
				CLANG_WARN_STRICT_PROTOTYPES = YES;
				CLANG_WARN_SUSPICIOUS_MOVE = YES;
				CLANG_WARN_UNGUARDED_AVAILABILITY = YES_AGGRESSIVE;
				CLANG_WARN_UNREACHABLE_CODE = YES;
				CLANG_WARN__DUPLICATE_METHOD_MATCH = YES;
				COPY_PHASE_STRIP = NO;
				CURRENT_PROJECT_VERSION = 1;
				DEBUG_INFORMATION_FORMAT = "dwarf-with-dsym";
				ENABLE_NS_ASSERTIONS = NO;
				ENABLE_STRICT_OBJC_MSGSEND = YES;
				ENABLE_USER_SCRIPT_SANDBOXING = NO;
				GCC_C_LANGUAGE_STANDARD = gnu11;
				GCC_NO_COMMON_BLOCKS = YES;
				GCC_WARN_64_TO_32_BIT_CONVERSION = YES;
				GCC_WARN_ABOUT_RETURN_TYPE = YES_ERROR;
				GCC_WARN_UNDECLARED_SELECTOR = YES;
				GCC_WARN_UNINITIALIZED_AUTOS = YES_AGGRESSIVE;
				GCC_WARN_UNUSED_FUNCTION = YES;
				GCC_WARN_UNUSED_VARIABLE = YES;
				IPHONEOS_DEPLOYMENT_TARGET = 18.0;
				MARKETING_VERSION = 1.0;
				MTL_ENABLE_DEBUG_INFO = NO;
				MTL_FAST_MATH = YES;
				PRODUCT_NAME = "$(TARGET_NAME)";
				SDKROOT = iphoneos;
				SWIFT_COMPILATION_MODE = wholemodule;
				SWIFT_OPTIMIZATION_LEVEL = "-O";
				SWIFT_VERSION = 5.0;
				TARGETED_DEVICE_FAMILY = "1,2";
			};
			name = Release;
		};
/* End XCBuildConfiguration section */

/* Begin XCConfigurationList section */
		5719DFC5573481277CFE5A5E /* Build configuration list for PBXNativeTarget "ArticlesTests" */ = {
			isa = XCConfigurationList;
			buildConfigurations = (
				D8901F41ACB009D6E9B0EE96 /* Debug */,
				9576C084CE756A61C0BF01CF /* Release */,
			);
			defaultConfigurationIsVisible = 0;
			defaultConfigurationName = Debug;
		};
		61F2C276E4DDD8284BFFBE5F /* Build configuration list for PBXProject "Articles" */ = {
			isa = XCConfigurationList;
			buildConfigurations = (
				2A7F8AFF44F1673EB0EE35F4 /* Debug */,
				DBCF5298D0532959EF556A04 /* Release */,
			);
			defaultConfigurationIsVisible = 0;
			defaultConfigurationName = Debug;
		};
		62B2289179DD54B1A4947AE3 /* Build configuration list for PBXNativeTarget "Articles" */ = {
			isa = XCConfigurationList;
			buildConfigurations = (
				347A2D569BCA6F4AA632CB6B /* Debug */,
				BC568CC9F6D66B262F5BD582 /* Release */,
			);
			defaultConfigurationIsVisible = 0;
			defaultConfigurationName = Debug;
		};
/* End XCConfigurationList section */
	};
	rootObject = 35A63358703FDEFFD85DB703 /* Project object */;
}
